
Microsoft Visual Studio Solution File, Format Version 12.00
# Visual Studio 15
VisualStudioVersion = 15.0.28010.2036
MinimumVisualStudioVersion = 10.0.40219.1
Project("{FAE04EC0-301F-11D3-BF4B-00C04F79EFBC}") = "CO02", "CO02\CO02.csproj", "{A702C156-4075-4576-AD8A-DF504FDA1014}"
EndProject
Global
	GlobalSection(SolutionConfigurationPlatforms) = preSolution
		Debug|Any CPU = Debug|Any CPU
		Release|Any CPU = Release|Any CPU
	EndGlobalSection
	GlobalSection(ProjectConfigurationPlatforms) = postSolution
		{A702C156-4075-4576-AD8A-DF504FDA1014}.Debug|Any CPU.ActiveCfg = Debug|Any CPU
		{A702C156-4075-4576-AD8A-DF504FDA1014}.Debug|Any CPU.Build.0 = Debug|Any CPU
		{A702C156-4075-4576-AD8A-DF504FDA1014}.Release|Any CPU.ActiveCfg = Release|Any CPU
		{A702C156-4075-4576-AD8A-DF504FDA1014}.Release|Any CPU.Build.0 = Release|Any CPU
	EndGlobalSection
	GlobalSection(SolutionProperties) = preSolution
		HideSolutionNode = FALSE
	EndGlobalSection
	GlobalSection(ExtensibilityGlobals) = postSolution
		SolutionGuid = {F7F5011D-5AA2-4019-9ECB-335B54F26F21}
	EndGlobalSection
EndGlobal
